
Microsoft Visual Studio Solution File, Format Version 11.00
# Visual Studio 2010
Project("{FAE04EC0-301F-11D3-BF4B-00C04F79EFBC}") = "Sky.Data.Csv", "Sky.Data.Csv\Sky.Data.Csv.csproj", "{74C99CB9-77F3-405A-B554-325088DFEACA}"
EndProject
Project("{FAE04EC0-301F-11D3-BF4B-00C04F79EFBC}") = "Sky.Data.Csv.Test", "Sky.Data.Csv.Test\Sky.Data.Csv.Test.csproj", "{334A19E1-92B9-44F5-BF89-A321C11FE657}"
EndProject
Global
	GlobalSection(SolutionConfigurationPlatforms) = preSolution
		Debug|Any CPU = Debug|Any CPU
		Debug|Mixed Platforms = Debug|Mixed Platforms
		Debug|x86 = Debug|x86
		Release|Any CPU = Release|Any CPU
		Release|Mixed Platforms = Release|Mixed Platforms
		Release|x86 = Release|x86
	EndGlobalSection
	GlobalSection(ProjectConfigurationPlatforms) = postSolution
		{74C99CB9-77F3-405A-B554-325088DFEACA}.Debug|Any CPU.ActiveCfg = Debug|Any CPU
		{74C99CB9-77F3-405A-B554-325088DFEACA}.Debug|Any CPU.Build.0 = Debug|Any CPU
		{74C99CB9-77F3-405A-B554-325088DFEACA}.Debug|Mixed Platforms.ActiveCfg = Debug|Any CPU
		{74C99CB9-77F3-405A-B554-325088DFEACA}.Debug|Mixed Platforms.Build.0 = Debug|Any CPU
		{74C99CB9-77F3-405A-B554-325088DFEACA}.Debug|x86.ActiveCfg = Debug|Any CPU
		{74C99CB9-77F3-405A-B554-325088DFEACA}.Release|Any CPU.ActiveCfg = Release|Any CPU
		{74C99CB9-77F3-405A-B554-325088DFEACA}.Release|Any CPU.Build.0 = Release|Any CPU
		{74C99CB9-77F3-405A-B554-325088DFEACA}.Release|Mixed Platforms.ActiveCfg = Release|Any CPU
		{74C99CB9-77F3-405A-B554-325088DFEACA}.Release|Mixed Platforms.Build.0 = Release|Any CPU
		{74C99CB9-77F3-405A-B554-325088DFEACA}.Release|x86.ActiveCfg = Release|Any CPU
		{334A19E1-92B9-44F5-BF89-A321C11FE657}.Debug|Any CPU.ActiveCfg = Debug|x86
		{334A19E1-92B9-44F5-BF89-A321C11FE657}.Debug|Mixed Platforms.ActiveCfg = Debug|x86
		{334A19E1-92B9-44F5-BF89-A321C11FE657}.Debug|Mixed Platforms.Build.0 = Debug|x86
		{334A19E1-92B9-44F5-BF89-A321C11FE657}.Debug|x86.ActiveCfg = Debug|x86
		{334A19E1-92B9-44F5-BF89-A321C11FE657}.Debug|x86.Build.0 = Debug|x86
		{334A19E1-92B9-44F5-BF89-A321C11FE657}.Release|Any CPU.ActiveCfg = Release|x86
		{334A19E1-92B9-44F5-BF89-A321C11FE657}.Release|Mixed Platforms.ActiveCfg = Release|x86
		{334A19E1-92B9-44F5-BF89-A321C11FE657}.Release|Mixed Platforms.Build.0 = Release|x86
		{334A19E1-92B9-44F5-BF89-A321C11FE657}.Release|x86.ActiveCfg = Release|x86
		{334A19E1-92B9-44F5-BF89-A321C11FE657}.Release|x86.Build.0 = Release|x86
	EndGlobalSection
	GlobalSection(SolutionProperties) = preSolution
		HideSolutionNode = FALSE
	EndGlobalSection
EndGlobal
